
Microsoft Visual Studio Solution File, Format Version 12.00
# Visual Studio Version 16
VisualStudioVersion = 16.0.30320.27
MinimumVisualStudioVersion = 10.0.40219.1
Project("{FAE04EC0-301F-11D3-BF4B-00C04F79EFBC}") = "Website", "Website\Website.csproj", "{900746A9-5695-4C0B-9F64-CF95BABA5ADC}"
EndProject
Project("{2150E333-8FDC-42A3-9474-1A3956D46DE8}") = "Feature", "Feature", "{CFC78933-2CC2-4234-AFDF-D8816722EE42}"
EndProject
Project("{2150E333-8FDC-42A3-9474-1A3956D46DE8}") = "Foundation", "Foundation", "{568877F8-097D-4BC6-9FB6-ECF50142B217}"
EndProject
Project("{2150E333-8FDC-42A3-9474-1A3956D46DE8}") = "Project", "Project", "{54DF898C-25C8-4140-97EF-5C245E6A3F48}"
EndProject
Project("{2150E333-8FDC-42A3-9474-1A3956D46DE8}") = "NuGet", "NuGet", "{9891A265-5C77-4DFC-A699-034119301342}"
	ProjectSection(SolutionItems) = preProject
		nuget.config = nuget.config
	EndProjectSection
EndProject
Project("{FAE04EC0-301F-11D3-BF4B-00C04F79EFBC}") = "Feature.Navigation", "Feature.Navigation\Feature.Navigation.csproj", "{8C29D5EB-84DE-40B2-9343-A0D4950ECF61}"
EndProject
Project("{FAE04EC0-301F-11D3-BF4B-00C04F79EFBC}") = "Feature.Content", "Feature.Content\Feature.Content.csproj", "{F3F7CD87-6087-47E6-80A1-4D0BFC5F4164}"
EndProject
Project("{CAA73BB0-EF22-4D79-A57E-DF67B3BA9C80}") = "Feature.Navigation.TDS", "Feature.Navigation.TDS\Feature.Navigation.TDS.scproj", "{234EFCCE-24AE-40FB-855A-DC7717F21C72}"
EndProject
Project("{2150E333-8FDC-42A3-9474-1A3956D46DE8}") = "_TDS", "_TDS", "{3E642770-9C91-4B21-9EF8-AE75416E1D47}"
	ProjectSection(SolutionItems) = preProject
		TdsGlobal.config = TdsGlobal.config
	EndProjectSection
EndProject
Project("{CAA73BB0-EF22-4D79-A57E-DF67B3BA9C80}") = "Project.ZodiacManual.TDS", "Project.ZodiacManual.TDS\Project.ZodiacManual.TDS.scproj", "{211AE8FE-8E59-494E-99C8-032491AFC0B2}"
EndProject
Project("{CAA73BB0-EF22-4D79-A57E-DF67B3BA9C80}") = "Website.Deploy.TDS", "Website.Deploy.TDS\Website.Deploy.TDS.scproj", "{FAC43FB0-C18C-4D6F-98D5-C7A6708F67D5}"
EndProject
Project("{CAA73BB0-EF22-4D79-A57E-DF67B3BA9C80}") = "Foundation.Pages.TDS", "Foundation.Pages.TDS\Foundation.Pages.TDS.scproj", "{359E0310-A030-4701-A343-4D8BA4689D6F}"
EndProject
Project("{CAA73BB0-EF22-4D79-A57E-DF67B3BA9C80}") = "Foundation.Navigation.TDS", "Foundation.Navigation.TDS\Foundation.Navigation.TDS.scproj", "{750A592E-0B90-46FF-B9D8-0A56A380F2CA}"
EndProject
Project("{CAA73BB0-EF22-4D79-A57E-DF67B3BA9C80}") = "Feature.Content.TDS", "Feature.Content.TDS\Feature.Content.TDS.scproj", "{59F7229D-FAAE-47A7-8222-334A764C20B0}"
EndProject
Project("{FAE04EC0-301F-11D3-BF4B-00C04F79EFBC}") = "Feature.Mastheads", "Feature.Mastheads\Feature.Mastheads.csproj", "{85ACC20F-A206-4767-AFF4-E4F694D57F2D}"
EndProject
Project("{CAA73BB0-EF22-4D79-A57E-DF67B3BA9C80}") = "Feature.Mastheads.TDS", "Feature.Mastheads.TDS\Feature.Mastheads.TDS.scproj", "{66731899-27E8-48E9-9747-EB3DAEB0D1E1}"
EndProject
Project("{FAE04EC0-301F-11D3-BF4B-00C04F79EFBC}") = "Foundation.Videos", "Foundation.Videos\Foundation.Videos.csproj", "{F4DB1858-FAFB-4684-9C6C-953DE23F4070}"
EndProject
Project("{CAA73BB0-EF22-4D79-A57E-DF67B3BA9C80}") = "Foundation.Videos.TDS", "Foundation.Videos.TDS\Foundation.Videos.TDS.scproj", "{6979074A-D7D4-40D8-A837-176256BD3FAB}"
EndProject
Project("{CAA73BB0-EF22-4D79-A57E-DF67B3BA9C80}") = "Feature.Mastheads.Core.TDS", "Feature.Mastheads.Core.TDS\Feature.Mastheads.Core.TDS.scproj", "{00052B49-32E4-475A-B695-28D6E0380AB3}"
EndProject
Project("{CAA73BB0-EF22-4D79-A57E-DF67B3BA9C80}") = "Feature.Alerts.TDS", "Feature.Alerts.TDS\Feature.Alerts.TDS.scproj", "{F118F49F-786F-4F0C-8EEB-630867FD659A}"
EndProject
Project("{FAE04EC0-301F-11D3-BF4B-00C04F79EFBC}") = "Feature.Alerts", "Feature.Alerts\Feature.Alerts.csproj", "{9BA8A002-121D-4B55-9AE6-9EDE07C2C5AA}"
EndProject
Global
	GlobalSection(SolutionConfigurationPlatforms) = preSolution
		Debug|Any CPU = Debug|Any CPU
		Release|Any CPU = Release|Any CPU
	EndGlobalSection
	GlobalSection(ProjectConfigurationPlatforms) = postSolution
		{900746A9-5695-4C0B-9F64-CF95BABA5ADC}.Debug|Any CPU.ActiveCfg = Debug|Any CPU
		{900746A9-5695-4C0B-9F64-CF95BABA5ADC}.Debug|Any CPU.Build.0 = Debug|Any CPU
		{900746A9-5695-4C0B-9F64-CF95BABA5ADC}.Release|Any CPU.ActiveCfg = Release|Any CPU
		{900746A9-5695-4C0B-9F64-CF95BABA5ADC}.Release|Any CPU.Build.0 = Release|Any CPU
		{8C29D5EB-84DE-40B2-9343-A0D4950ECF61}.Debug|Any CPU.ActiveCfg = Debug|Any CPU
		{8C29D5EB-84DE-40B2-9343-A0D4950ECF61}.Debug|Any CPU.Build.0 = Debug|Any CPU
		{8C29D5EB-84DE-40B2-9343-A0D4950ECF61}.Release|Any CPU.ActiveCfg = Release|Any CPU
		{8C29D5EB-84DE-40B2-9343-A0D4950ECF61}.Release|Any CPU.Build.0 = Release|Any CPU
		{F3F7CD87-6087-47E6-80A1-4D0BFC5F4164}.Debug|Any CPU.ActiveCfg = Debug|Any CPU
		{F3F7CD87-6087-47E6-80A1-4D0BFC5F4164}.Debug|Any CPU.Build.0 = Debug|Any CPU
		{F3F7CD87-6087-47E6-80A1-4D0BFC5F4164}.Release|Any CPU.ActiveCfg = Release|Any CPU
		{F3F7CD87-6087-47E6-80A1-4D0BFC5F4164}.Release|Any CPU.Build.0 = Release|Any CPU
		{234EFCCE-24AE-40FB-855A-DC7717F21C72}.Debug|Any CPU.ActiveCfg = Debug|Any CPU
		{234EFCCE-24AE-40FB-855A-DC7717F21C72}.Debug|Any CPU.Build.0 = Debug|Any CPU
		{234EFCCE-24AE-40FB-855A-DC7717F21C72}.Debug|Any CPU.Deploy.0 = Debug|Any CPU
		{234EFCCE-24AE-40FB-855A-DC7717F21C72}.Release|Any CPU.ActiveCfg = Release|Any CPU
		{234EFCCE-24AE-40FB-855A-DC7717F21C72}.Release|Any CPU.Build.0 = Release|Any CPU
		{234EFCCE-24AE-40FB-855A-DC7717F21C72}.Release|Any CPU.Deploy.0 = Release|Any CPU
		{211AE8FE-8E59-494E-99C8-032491AFC0B2}.Debug|Any CPU.ActiveCfg = Debug|Any CPU
		{211AE8FE-8E59-494E-99C8-032491AFC0B2}.Debug|Any CPU.Build.0 = Debug|Any CPU
		{211AE8FE-8E59-494E-99C8-032491AFC0B2}.Debug|Any CPU.Deploy.0 = Debug|Any CPU
		{211AE8FE-8E59-494E-99C8-032491AFC0B2}.Release|Any CPU.ActiveCfg = Release|Any CPU
		{211AE8FE-8E59-494E-99C8-032491AFC0B2}.Release|Any CPU.Build.0 = Release|Any CPU
		{211AE8FE-8E59-494E-99C8-032491AFC0B2}.Release|Any CPU.Deploy.0 = Release|Any CPU
		{FAC43FB0-C18C-4D6F-98D5-C7A6708F67D5}.Debug|Any CPU.ActiveCfg = Debug|Any CPU
		{FAC43FB0-C18C-4D6F-98D5-C7A6708F67D5}.Debug|Any CPU.Build.0 = Debug|Any CPU
		{FAC43FB0-C18C-4D6F-98D5-C7A6708F67D5}.Debug|Any CPU.Deploy.0 = Debug|Any CPU
		{FAC43FB0-C18C-4D6F-98D5-C7A6708F67D5}.Release|Any CPU.ActiveCfg = Release|Any CPU
		{FAC43FB0-C18C-4D6F-98D5-C7A6708F67D5}.Release|Any CPU.Build.0 = Release|Any CPU
		{FAC43FB0-C18C-4D6F-98D5-C7A6708F67D5}.Release|Any CPU.Deploy.0 = Release|Any CPU
		{359E0310-A030-4701-A343-4D8BA4689D6F}.Debug|Any CPU.ActiveCfg = Debug|Any CPU
		{359E0310-A030-4701-A343-4D8BA4689D6F}.Debug|Any CPU.Build.0 = Debug|Any CPU
		{359E0310-A030-4701-A343-4D8BA4689D6F}.Debug|Any CPU.Deploy.0 = Debug|Any CPU
		{359E0310-A030-4701-A343-4D8BA4689D6F}.Release|Any CPU.ActiveCfg = Release|Any CPU
		{359E0310-A030-4701-A343-4D8BA4689D6F}.Release|Any CPU.Build.0 = Release|Any CPU
		{359E0310-A030-4701-A343-4D8BA4689D6F}.Release|Any CPU.Deploy.0 = Release|Any CPU
		{750A592E-0B90-46FF-B9D8-0A56A380F2CA}.Debug|Any CPU.ActiveCfg = Debug|Any CPU
		{750A592E-0B90-46FF-B9D8-0A56A380F2CA}.Debug|Any CPU.Build.0 = Debug|Any CPU
		{750A592E-0B90-46FF-B9D8-0A56A380F2CA}.Debug|Any CPU.Deploy.0 = Debug|Any CPU
		{750A592E-0B90-46FF-B9D8-0A56A380F2CA}.Release|Any CPU.ActiveCfg = Release|Any CPU
		{750A592E-0B90-46FF-B9D8-0A56A380F2CA}.Release|Any CPU.Build.0 = Release|Any CPU
		{750A592E-0B90-46FF-B9D8-0A56A380F2CA}.Release|Any CPU.Deploy.0 = Release|Any CPU
		{59F7229D-FAAE-47A7-8222-334A764C20B0}.Debug|Any CPU.ActiveCfg = Debug|Any CPU
		{59F7229D-FAAE-47A7-8222-334A764C20B0}.Debug|Any CPU.Build.0 = Debug|Any CPU
		{59F7229D-FAAE-47A7-8222-334A764C20B0}.Debug|Any CPU.Deploy.0 = Debug|Any CPU
		{59F7229D-FAAE-47A7-8222-334A764C20B0}.Release|Any CPU.ActiveCfg = Release|Any CPU
		{59F7229D-FAAE-47A7-8222-334A764C20B0}.Release|Any CPU.Build.0 = Release|Any CPU
		{59F7229D-FAAE-47A7-8222-334A764C20B0}.Release|Any CPU.Deploy.0 = Release|Any CPU
		{85ACC20F-A206-4767-AFF4-E4F694D57F2D}.Debug|Any CPU.ActiveCfg = Debug|Any CPU
		{85ACC20F-A206-4767-AFF4-E4F694D57F2D}.Debug|Any CPU.Build.0 = Debug|Any CPU
		{85ACC20F-A206-4767-AFF4-E4F694D57F2D}.Release|Any CPU.ActiveCfg = Release|Any CPU
		{85ACC20F-A206-4767-AFF4-E4F694D57F2D}.Release|Any CPU.Build.0 = Release|Any CPU
		{66731899-27E8-48E9-9747-EB3DAEB0D1E1}.Debug|Any CPU.ActiveCfg = Debug|Any CPU
		{66731899-27E8-48E9-9747-EB3DAEB0D1E1}.Debug|Any CPU.Build.0 = Debug|Any CPU
		{66731899-27E8-48E9-9747-EB3DAEB0D1E1}.Debug|Any CPU.Deploy.0 = Debug|Any CPU
		{66731899-27E8-48E9-9747-EB3DAEB0D1E1}.Release|Any CPU.ActiveCfg = Release|Any CPU
		{66731899-27E8-48E9-9747-EB3DAEB0D1E1}.Release|Any CPU.Build.0 = Release|Any CPU
		{66731899-27E8-48E9-9747-EB3DAEB0D1E1}.Release|Any CPU.Deploy.0 = Release|Any CPU
		{F4DB1858-FAFB-4684-9C6C-953DE23F4070}.Debug|Any CPU.ActiveCfg = Debug|Any CPU
		{F4DB1858-FAFB-4684-9C6C-953DE23F4070}.Debug|Any CPU.Build.0 = Debug|Any CPU
		{F4DB1858-FAFB-4684-9C6C-953DE23F4070}.Release|Any CPU.ActiveCfg = Release|Any CPU
		{F4DB1858-FAFB-4684-9C6C-953DE23F4070}.Release|Any CPU.Build.0 = Release|Any CPU
		{6979074A-D7D4-40D8-A837-176256BD3FAB}.Debug|Any CPU.ActiveCfg = Debug|Any CPU
		{6979074A-D7D4-40D8-A837-176256BD3FAB}.Debug|Any CPU.Build.0 = Debug|Any CPU
		{6979074A-D7D4-40D8-A837-176256BD3FAB}.Debug|Any CPU.Deploy.0 = Debug|Any CPU
		{6979074A-D7D4-40D8-A837-176256BD3FAB}.Release|Any CPU.ActiveCfg = Release|Any CPU
		{6979074A-D7D4-40D8-A837-176256BD3FAB}.Release|Any CPU.Build.0 = Release|Any CPU
		{6979074A-D7D4-40D8-A837-176256BD3FAB}.Release|Any CPU.Deploy.0 = Release|Any CPU
		{00052B49-32E4-475A-B695-28D6E0380AB3}.Debug|Any CPU.ActiveCfg = Debug|Any CPU
		{00052B49-32E4-475A-B695-28D6E0380AB3}.Debug|Any CPU.Build.0 = Debug|Any CPU
		{00052B49-32E4-475A-B695-28D6E0380AB3}.Debug|Any CPU.Deploy.0 = Debug|Any CPU
		{00052B49-32E4-475A-B695-28D6E0380AB3}.Release|Any CPU.ActiveCfg = Release|Any CPU
		{00052B49-32E4-475A-B695-28D6E0380AB3}.Release|Any CPU.Build.0 = Release|Any CPU
		{00052B49-32E4-475A-B695-28D6E0380AB3}.Release|Any CPU.Deploy.0 = Release|Any CPU
		{F118F49F-786F-4F0C-8EEB-630867FD659A}.Debug|Any CPU.ActiveCfg = Debug|Any CPU
		{F118F49F-786F-4F0C-8EEB-630867FD659A}.Debug|Any CPU.Build.0 = Debug|Any CPU
		{F118F49F-786F-4F0C-8EEB-630867FD659A}.Debug|Any CPU.Deploy.0 = Debug|Any CPU
		{F118F49F-786F-4F0C-8EEB-630867FD659A}.Release|Any CPU.ActiveCfg = Release|Any CPU
		{F118F49F-786F-4F0C-8EEB-630867FD659A}.Release|Any CPU.Build.0 = Release|Any CPU
		{F118F49F-786F-4F0C-8EEB-630867FD659A}.Release|Any CPU.Deploy.0 = Release|Any CPU
		{9BA8A002-121D-4B55-9AE6-9EDE07C2C5AA}.Debug|Any CPU.ActiveCfg = Debug|Any CPU
		{9BA8A002-121D-4B55-9AE6-9EDE07C2C5AA}.Debug|Any CPU.Build.0 = Debug|Any CPU
		{9BA8A002-121D-4B55-9AE6-9EDE07C2C5AA}.Release|Any CPU.ActiveCfg = Release|Any CPU
		{9BA8A002-121D-4B55-9AE6-9EDE07C2C5AA}.Release|Any CPU.Build.0 = Release|Any CPU
	EndGlobalSection
	GlobalSection(SolutionProperties) = preSolution
		HideSolutionNode = FALSE
	EndGlobalSection
	GlobalSection(NestedProjects) = preSolution
		{8C29D5EB-84DE-40B2-9343-A0D4950ECF61} = {CFC78933-2CC2-4234-AFDF-D8816722EE42}
		{F3F7CD87-6087-47E6-80A1-4D0BFC5F4164} = {CFC78933-2CC2-4234-AFDF-D8816722EE42}
		{234EFCCE-24AE-40FB-855A-DC7717F21C72} = {CFC78933-2CC2-4234-AFDF-D8816722EE42}
		{211AE8FE-8E59-494E-99C8-032491AFC0B2} = {54DF898C-25C8-4140-97EF-5C245E6A3F48}
		{359E0310-A030-4701-A343-4D8BA4689D6F} = {568877F8-097D-4BC6-9FB6-ECF50142B217}
		{750A592E-0B90-46FF-B9D8-0A56A380F2CA} = {568877F8-097D-4BC6-9FB6-ECF50142B217}
		{59F7229D-FAAE-47A7-8222-334A764C20B0} = {CFC78933-2CC2-4234-AFDF-D8816722EE42}
		{85ACC20F-A206-4767-AFF4-E4F694D57F2D} = {CFC78933-2CC2-4234-AFDF-D8816722EE42}
		{66731899-27E8-48E9-9747-EB3DAEB0D1E1} = {CFC78933-2CC2-4234-AFDF-D8816722EE42}
		{F4DB1858-FAFB-4684-9C6C-953DE23F4070} = {568877F8-097D-4BC6-9FB6-ECF50142B217}
		{6979074A-D7D4-40D8-A837-176256BD3FAB} = {568877F8-097D-4BC6-9FB6-ECF50142B217}
		{00052B49-32E4-475A-B695-28D6E0380AB3} = {CFC78933-2CC2-4234-AFDF-D8816722EE42}
		{F118F49F-786F-4F0C-8EEB-630867FD659A} = {CFC78933-2CC2-4234-AFDF-D8816722EE42}
		{9BA8A002-121D-4B55-9AE6-9EDE07C2C5AA} = {CFC78933-2CC2-4234-AFDF-D8816722EE42}
	EndGlobalSection
	GlobalSection(ExtensibilityGlobals) = postSolution
		SolutionGuid = {231E78D9-CED2-42AC-8E3E-61525B8B4550}
		EnterpriseLibraryConfigurationToolBinariesPathV6 = packages\EnterpriseLibrary.Common.6.0.1304.0\lib\NET45;packages\EnterpriseLibrary.TransientFaultHandling.6.0.1304.0\lib\portable-net45+win+wp8;packages\EnterpriseLibrary.TransientFaultHandling.Caching.6.0.1304.0\lib\NET45;packages\EnterpriseLibrary.TransientFaultHandling.Data.6.0.1304.1\lib\NET45;packages\EnterpriseLibrary.TransientFaultHandling.ServiceBus.6.0.1304.0\lib\NET45;packages\EnterpriseLibrary.TransientFaultHandling.WindowsAzure.Storage.6.0.1304.0\lib\NET45;packages\EnterpriseLibrary.TransientFaultHandling.Configuration.6.0.1304.0\lib\NET45
	EndGlobalSection
EndGlobal
